
Microsoft Visual Studio Solution File, Format Version 12.00
# Visual Studio Version 16
VisualStudioVersion = 16.0.32126.315
MinimumVisualStudioVersion = 10.0.40219.1
Project("{9A19103F-16F7-4668-BE54-9A1E7A4F7556}") = "Exercicio001", "Algoritmos_1\Exercicio001.csproj", "{6400D5FC-6C55-42FF-B035-E494D0C6A1BF}"
EndProject
Project("{9A19103F-16F7-4668-BE54-9A1E7A4F7556}") = "Exercicio002", "Exercicio002\Exercicio002.csproj", "{82293E3E-5FA7-4B6C-ADF4-6A4E71726AA6}"
EndProject
Project("{9A19103F-16F7-4668-BE54-9A1E7A4F7556}") = "Exercicio003", "Exercicio003\Exercicio003.csproj", "{A7D5F388-9B25-4DF2-9220-7AC676B62EA8}"
EndProject
Project("{9A19103F-16F7-4668-BE54-9A1E7A4F7556}") = "Exercicio004", "Exercicio004\Exercicio004.csproj", "{157CBEAB-1836-49F2-BC1A-EC94041C77D4}"
EndProject
Project("{9A19103F-16F7-4668-BE54-9A1E7A4F7556}") = "Exercicio005", "Exercicio005\Exercicio005.csproj", "{355BA2A4-2C62-4432-B059-23F769C3237E}"
EndProject
Project("{9A19103F-16F7-4668-BE54-9A1E7A4F7556}") = "Exercicio006", "Exercicio006\Exercicio006.csproj", "{B67F19D7-6C96-481D-9C52-A0E5E6BD11DA}"
EndProject
Project("{9A19103F-16F7-4668-BE54-9A1E7A4F7556}") = "Exercicio007", "Exercicio007\Exercicio007.csproj", "{28921426-6F4F-4A5E-B132-669373D8D03B}"
EndProject
Project("{9A19103F-16F7-4668-BE54-9A1E7A4F7556}") = "Exercicio008", "Exercicio008\Exercicio008.csproj", "{37513FC5-BFD2-469A-AD79-F66239D95A39}"
EndProject
Project("{9A19103F-16F7-4668-BE54-9A1E7A4F7556}") = "Exercicio009", "Exercicios009\Exercicio009.csproj", "{DCB5D72D-8C78-48F3-A6C7-E455E46F294A}"
EndProject
Project("{9A19103F-16F7-4668-BE54-9A1E7A4F7556}") = "Exercicio010", "Exercicio010\Exercicio010.csproj", "{1909EC3A-73C8-4250-B720-FDFBF5A0DDB8}"
EndProject
Project("{9A19103F-16F7-4668-BE54-9A1E7A4F7556}") = "Exercicio011", "Exercicio011\Exercicio011.csproj", "{0868C279-6A1D-44D1-9769-96DBC3040DB8}"
EndProject
Project("{9A19103F-16F7-4668-BE54-9A1E7A4F7556}") = "Exercicio012", "Exercicio012\Exercicio012.csproj", "{B54FCE1B-C8BF-4D54-8DBE-1D18A62061B7}"
EndProject
Project("{9A19103F-16F7-4668-BE54-9A1E7A4F7556}") = "Exercicio013", "Exercicio013\Exercicio013.csproj", "{DA2198F1-7F9A-4710-9E46-3C8CCC80A9CF}"
EndProject
Project("{9A19103F-16F7-4668-BE54-9A1E7A4F7556}") = "Exercicio014", "Exercicio014\Exercicio014.csproj", "{05A5E4C8-0592-47FD-984E-29E347637F26}"
EndProject
Project("{9A19103F-16F7-4668-BE54-9A1E7A4F7556}") = "Exercicio015", "Exercicio015\Exercicio015.csproj", "{3D1D487B-BA02-4602-91B2-2AC2CD30154E}"
EndProject
Project("{9A19103F-16F7-4668-BE54-9A1E7A4F7556}") = "Exercicio016", "Exercicio016\Exercicio016.csproj", "{0A592121-25A7-45A6-A15B-AAC808E42C03}"
EndProject
Project("{9A19103F-16F7-4668-BE54-9A1E7A4F7556}") = "Exercicio017", "Exercicio017\Exercicio017.csproj", "{F3FEEF59-E802-496B-BE4A-4BF75D2F2A8B}"
EndProject
Project("{9A19103F-16F7-4668-BE54-9A1E7A4F7556}") = "Exercicio018", "Exercicio018\Exercicio018.csproj", "{601EB8ED-9180-4F32-911C-EDE191B4C849}"
EndProject
Project("{9A19103F-16F7-4668-BE54-9A1E7A4F7556}") = "Exercicio019", "Exercicio019\Exercicio019.csproj", "{CF7BC88A-395B-4F2F-804D-F4D288C9DC5C}"
EndProject
Project("{9A19103F-16F7-4668-BE54-9A1E7A4F7556}") = "Exercicio020", "Exercicio020\Exercicio020.csproj", "{74164DAE-F7A5-47AB-B6A5-78744CFE2EB6}"
EndProject
Project("{9A19103F-16F7-4668-BE54-9A1E7A4F7556}") = "Exercicio021", "Exercicio021\Exercicio021.csproj", "{F6FCAC55-55AD-4AA8-A66F-58AE9AEE5FF6}"
EndProject
Project("{9A19103F-16F7-4668-BE54-9A1E7A4F7556}") = "Exercicio022", "Exercicio022\Exercicio022.csproj", "{1CE3D974-7BA4-488F-BEAE-564646D919C8}"
EndProject
Project("{9A19103F-16F7-4668-BE54-9A1E7A4F7556}") = "Exercicio023", "Exercicio023\Exercicio023.csproj", "{D1946344-9D7B-4B11-9147-25BD84558883}"
EndProject
Project("{9A19103F-16F7-4668-BE54-9A1E7A4F7556}") = "Exercicio024", "Exercicio024\Exercicio024.csproj", "{E750A8BA-9247-4B89-8437-4380BDB2A663}"
EndProject
Project("{9A19103F-16F7-4668-BE54-9A1E7A4F7556}") = "Exercicio025", "Exercicio025\Exercicio025.csproj", "{EA067E9A-8973-4689-A922-150386ECF7FB}"
EndProject
Project("{9A19103F-16F7-4668-BE54-9A1E7A4F7556}") = "Exercicio026", "Exercicio026\Exercicio026.csproj", "{67BC72A1-954F-4EDC-9555-D2459D523E24}"
EndProject
Project("{9A19103F-16F7-4668-BE54-9A1E7A4F7556}") = "Exercicio027", "Exercicio027\Exercicio027.csproj", "{C40D236B-E103-459E-A2E5-481A018DFEEA}"
EndProject
Project("{9A19103F-16F7-4668-BE54-9A1E7A4F7556}") = "Exercicio028", "Exercicio028\Exercicio028.csproj", "{5E0AC91E-BF8C-45D9-B4B9-1EC504D70C0A}"
EndProject
Project("{9A19103F-16F7-4668-BE54-9A1E7A4F7556}") = "Exercicio029", "Exercicio029\Exercicio029.csproj", "{0B36EF3B-9D9E-48E2-9714-9F3CDE331B50}"
EndProject
Project("{9A19103F-16F7-4668-BE54-9A1E7A4F7556}") = "Exercicio030", "Exercicio030\Exercicio030.csproj", "{CD7D5420-52D0-4584-83D0-6040613F4260}"
EndProject
Project("{9A19103F-16F7-4668-BE54-9A1E7A4F7556}") = "Exercicio031", "Exercicio031\Exercicio031.csproj", "{A9C1AF93-EE3B-4E11-ACC0-BD38BE44F59E}"
EndProject
Project("{9A19103F-16F7-4668-BE54-9A1E7A4F7556}") = "Exercicio032", "Exercicio032\Exercicio032.csproj", "{633C9B36-35C6-4C2E-8DC1-B37ABC337A93}"
EndProject
Project("{9A19103F-16F7-4668-BE54-9A1E7A4F7556}") = "Exercicio033", "Exercicio033\Exercicio033.csproj", "{F2EED140-0046-4644-87E2-13DDD2E8CCC7}"
EndProject
Project("{9A19103F-16F7-4668-BE54-9A1E7A4F7556}") = "Exercicio034", "Exercicio034\Exercicio034.csproj", "{DD175E86-AB2C-4250-9C2F-284B7341287C}"
EndProject
Project("{9A19103F-16F7-4668-BE54-9A1E7A4F7556}") = "Exercicio035", "Exercicio035\Exercicio035.csproj", "{4F04B7F0-48AD-4F8E-A142-05FF3BA97BA1}"
EndProject
Project("{9A19103F-16F7-4668-BE54-9A1E7A4F7556}") = "Exercicio036", "Exercicio036\Exercicio036.csproj", "{F9B47D0F-58C4-4E3D-A174-1D569CDAAD4D}"
EndProject
Project("{9A19103F-16F7-4668-BE54-9A1E7A4F7556}") = "Exercicio037", "Exercicio037\Exercicio037.csproj", "{481A31AB-D24F-4939-9194-098A8B649228}"
EndProject
Project("{9A19103F-16F7-4668-BE54-9A1E7A4F7556}") = "Exercicio038", "Exercicio038\Exercicio038.csproj", "{EC3750DD-39F2-4B6F-946A-7D5DA5C7913A}"
EndProject
Project("{9A19103F-16F7-4668-BE54-9A1E7A4F7556}") = "Exercicio039", "Exercicio039\Exercicio039.csproj", "{28578A29-226A-4461-B914-6DFAF643AE13}"
EndProject
Project("{9A19103F-16F7-4668-BE54-9A1E7A4F7556}") = "Exercicio040", "Exercicio040\Exercicio040.csproj", "{96BAFC13-A97D-4AA5-B19D-653F4EF46AD3}"
EndProject
Project("{9A19103F-16F7-4668-BE54-9A1E7A4F7556}") = "Exercicio041", "Exercicio041\Exercicio041.csproj", "{B384AABF-F88F-4A2A-9EC5-B5064240F3DF}"
EndProject
Project("{9A19103F-16F7-4668-BE54-9A1E7A4F7556}") = "Exercicio042", "Exercicio042\Exercicio042.csproj", "{030635CC-3D44-4A7D-B4A9-DACD5C91AFDC}"
EndProject
Project("{9A19103F-16F7-4668-BE54-9A1E7A4F7556}") = "Exercicio043", "Exercicio043\Exercicio043.csproj", "{1FC53F6B-A93F-49C8-8583-FD7205C21C28}"
EndProject
Project("{9A19103F-16F7-4668-BE54-9A1E7A4F7556}") = "Exercicio044", "Exercicio044\Exercicio044.csproj", "{8DC2C02C-25B1-43CC-A468-816C639CCDEF}"
EndProject
Project("{9A19103F-16F7-4668-BE54-9A1E7A4F7556}") = "Exercicio045", "Exercicio045\Exercicio045.csproj", "{028BF3B0-F474-4887-959F-051F97B3E505}"
EndProject
Project("{9A19103F-16F7-4668-BE54-9A1E7A4F7556}") = "Exercicio046", "Exercicio046\Exercicio046.csproj", "{231629B9-8C70-4249-8888-89F892A1F3F7}"
EndProject
Project("{9A19103F-16F7-4668-BE54-9A1E7A4F7556}") = "Exercicio047", "Exercicio047\Exercicio047.csproj", "{D24E4E5A-F63D-42AA-9B1A-1682145A23BB}"
EndProject
Project("{9A19103F-16F7-4668-BE54-9A1E7A4F7556}") = "Exercicio048", "Exercicio049\Exercicio048.csproj", "{954DB772-9C55-4381-AB3E-1B57D4A76EE3}"
EndProject
Project("{9A19103F-16F7-4668-BE54-9A1E7A4F7556}") = "Exercicio049", "Exercicio049-\Exercicio049.csproj", "{B420BB9F-6BFD-4E61-BF70-3D6BA49DD499}"
EndProject
Project("{9A19103F-16F7-4668-BE54-9A1E7A4F7556}") = "Exercicio050", "Exercicio050\Exercicio050.csproj", "{E34A48E5-6216-434B-AAE9-56B975BBCE8F}"
EndProject
Project("{9A19103F-16F7-4668-BE54-9A1E7A4F7556}") = "Exercicio051", "Exercicio051\Exercicio051.csproj", "{E0B5500D-B2EB-4C1A-8779-BC55848059B7}"
EndProject
Project("{9A19103F-16F7-4668-BE54-9A1E7A4F7556}") = "Exercicio052", "Exercicio052\Exercicio052.csproj", "{A9FA9349-B307-4D33-911F-F7D0D87A82E4}"
EndProject
Project("{9A19103F-16F7-4668-BE54-9A1E7A4F7556}") = "Exercicio053", "Exercicio053\Exercicio053.csproj", "{4719796C-6FEA-4734-B6B7-61C74DCBFCF6}"
EndProject
Project("{9A19103F-16F7-4668-BE54-9A1E7A4F7556}") = "Exercicio054", "Exercicio054\Exercicio054.csproj", "{944EC14E-1037-41CB-99EA-C91F156463CE}"
EndProject
Project("{9A19103F-16F7-4668-BE54-9A1E7A4F7556}") = "Exercicio055", "Exercicio055\Exercicio055.csproj", "{992357F7-58E1-4AA8-B9FC-3B40543B18DC}"
EndProject
Project("{9A19103F-16F7-4668-BE54-9A1E7A4F7556}") = "Exercicio056", "Exercicio056\Exercicio056.csproj", "{402E73AD-F1DD-413A-87B1-61A4EFBDA8CB}"
EndProject
Project("{9A19103F-16F7-4668-BE54-9A1E7A4F7556}") = "Exercicio057", "Exercicio057\Exercicio057.csproj", "{F9EDEC22-0EC8-406D-87F3-E5D126FC9624}"
EndProject
Project("{9A19103F-16F7-4668-BE54-9A1E7A4F7556}") = "Exercicio058", "Exercicio058\Exercicio058.csproj", "{89C77BC8-BEC0-4AC5-B30A-CF7574C890B7}"
EndProject
Project("{9A19103F-16F7-4668-BE54-9A1E7A4F7556}") = "Exercicio059", "Exercicio059\Exercicio059.csproj", "{078D9F52-2294-4416-8B69-FA2181B481B5}"
EndProject
Project("{9A19103F-16F7-4668-BE54-9A1E7A4F7556}") = "Exercicio060", "Exercicio060\Exercicio060.csproj", "{04A53815-EDC3-4F68-8748-4E3C71E4AECB}"
EndProject
Project("{9A19103F-16F7-4668-BE54-9A1E7A4F7556}") = "Exercicio061", "Exercicio061\Exercicio061.csproj", "{7DD2A640-1D64-4CA7-9186-20EADA437649}"
EndProject
Project("{9A19103F-16F7-4668-BE54-9A1E7A4F7556}") = "Exercicio062", "Exercicio062\Exercicio062.csproj", "{F58DB983-FCA9-4CE6-83C2-C9969B2E14D7}"
EndProject
Project("{9A19103F-16F7-4668-BE54-9A1E7A4F7556}") = "Exercicio063", "Exercicio063\Exercicio063.csproj", "{C60BC8F6-EF33-4327-B760-0ED32F76ED2E}"
EndProject
Project("{9A19103F-16F7-4668-BE54-9A1E7A4F7556}") = "Exercicio064", "Exercicio064\Exercicio064.csproj", "{CC93626F-F0EC-4883-9DE0-89B8E809B13A}"
EndProject
Project("{9A19103F-16F7-4668-BE54-9A1E7A4F7556}") = "Exercicio065", "Exercicio065\Exercicio065.csproj", "{678F58CB-10AC-46F0-B9BA-71FDBC7B946F}"
EndProject
Project("{9A19103F-16F7-4668-BE54-9A1E7A4F7556}") = "Exercicio066", "Exercicio066\Exercicio066.csproj", "{7DA8AE43-A683-4C26-81AD-8D7490186527}"
EndProject
Project("{9A19103F-16F7-4668-BE54-9A1E7A4F7556}") = "Exercicio067", "Exercicio067\Exercicio067.csproj", "{0D22611E-5FED-4085-ABD9-62B4FB0A2E39}"
EndProject
Project("{9A19103F-16F7-4668-BE54-9A1E7A4F7556}") = "Exercicio068", "Exercicio068\Exercicio068.csproj", "{5887BDE3-7677-4C00-9DDC-8F4E99D28F0D}"
EndProject
Project("{9A19103F-16F7-4668-BE54-9A1E7A4F7556}") = "Exercicio069", "Exercicio069\Exercicio069.csproj", "{41669C74-36C6-49A5-B690-8612BD9E833A}"
EndProject
Project("{9A19103F-16F7-4668-BE54-9A1E7A4F7556}") = "Exercicio070", "Exercicio070\Exercicio070.csproj", "{32CED4FA-A957-4E59-B388-F5A54C1922B4}"
EndProject
Project("{9A19103F-16F7-4668-BE54-9A1E7A4F7556}") = "Exercicio071", "Exercicio071\Exercicio071.csproj", "{2FBCF563-7D0A-4F52-BAB6-BFA498DD1E10}"
EndProject
Project("{9A19103F-16F7-4668-BE54-9A1E7A4F7556}") = "Exercicio072", "Exercicio072\Exercicio072.csproj", "{167F7BD8-14AF-412C-BEE0-E3F933F04AC7}"
EndProject
Project("{9A19103F-16F7-4668-BE54-9A1E7A4F7556}") = "Exercicio073", "Exercicio073\Exercicio073.csproj", "{28B750C4-0927-4E25-BEE7-B2A40FCC6F17}"
EndProject
Project("{FAE04EC0-301F-11D3-BF4B-00C04F79EFBC}") = "Exercicio074", "Exercicio074\Exercicio074.csproj", "{14BB7F46-97A4-4297-87A0-F3CB303FC373}"
EndProject
Project("{FAE04EC0-301F-11D3-BF4B-00C04F79EFBC}") = "Exercicio075", "Exercicio075\Exercicio075.csproj", "{8DFDF02F-F6C5-440C-8E23-411B046C7047}"
EndProject
Project("{FAE04EC0-301F-11D3-BF4B-00C04F79EFBC}") = "Exercicio076", "Exercicio076\Exercicio076.csproj", "{3B933276-5EED-4930-92EF-80A46247659A}"
EndProject
Global
	GlobalSection(SolutionConfigurationPlatforms) = preSolution
		Debug|Any CPU = Debug|Any CPU
		Release|Any CPU = Release|Any CPU
	EndGlobalSection
	GlobalSection(ProjectConfigurationPlatforms) = postSolution
		{6400D5FC-6C55-42FF-B035-E494D0C6A1BF}.Debug|Any CPU.ActiveCfg = Debug|Any CPU
		{6400D5FC-6C55-42FF-B035-E494D0C6A1BF}.Debug|Any CPU.Build.0 = Debug|Any CPU
		{6400D5FC-6C55-42FF-B035-E494D0C6A1BF}.Release|Any CPU.ActiveCfg = Release|Any CPU
		{6400D5FC-6C55-42FF-B035-E494D0C6A1BF}.Release|Any CPU.Build.0 = Release|Any CPU
		{82293E3E-5FA7-4B6C-ADF4-6A4E71726AA6}.Debug|Any CPU.ActiveCfg = Debug|Any CPU
		{82293E3E-5FA7-4B6C-ADF4-6A4E71726AA6}.Debug|Any CPU.Build.0 = Debug|Any CPU
		{82293E3E-5FA7-4B6C-ADF4-6A4E71726AA6}.Release|Any CPU.ActiveCfg = Release|Any CPU
		{82293E3E-5FA7-4B6C-ADF4-6A4E71726AA6}.Release|Any CPU.Build.0 = Release|Any CPU
		{A7D5F388-9B25-4DF2-9220-7AC676B62EA8}.Debug|Any CPU.ActiveCfg = Debug|Any CPU
		{A7D5F388-9B25-4DF2-9220-7AC676B62EA8}.Debug|Any CPU.Build.0 = Debug|Any CPU
		{A7D5F388-9B25-4DF2-9220-7AC676B62EA8}.Release|Any CPU.ActiveCfg = Release|Any CPU
		{A7D5F388-9B25-4DF2-9220-7AC676B62EA8}.Release|Any CPU.Build.0 = Release|Any CPU
		{157CBEAB-1836-49F2-BC1A-EC94041C77D4}.Debug|Any CPU.ActiveCfg = Debug|Any CPU
		{157CBEAB-1836-49F2-BC1A-EC94041C77D4}.Debug|Any CPU.Build.0 = Debug|Any CPU
		{157CBEAB-1836-49F2-BC1A-EC94041C77D4}.Release|Any CPU.ActiveCfg = Release|Any CPU
		{157CBEAB-1836-49F2-BC1A-EC94041C77D4}.Release|Any CPU.Build.0 = Release|Any CPU
		{355BA2A4-2C62-4432-B059-23F769C3237E}.Debug|Any CPU.ActiveCfg = Debug|Any CPU
		{355BA2A4-2C62-4432-B059-23F769C3237E}.Debug|Any CPU.Build.0 = Debug|Any CPU
		{355BA2A4-2C62-4432-B059-23F769C3237E}.Release|Any CPU.ActiveCfg = Release|Any CPU
		{355BA2A4-2C62-4432-B059-23F769C3237E}.Release|Any CPU.Build.0 = Release|Any CPU
		{B67F19D7-6C96-481D-9C52-A0E5E6BD11DA}.Debug|Any CPU.ActiveCfg = Debug|Any CPU
		{B67F19D7-6C96-481D-9C52-A0E5E6BD11DA}.Debug|Any CPU.Build.0 = Debug|Any CPU
		{B67F19D7-6C96-481D-9C52-A0E5E6BD11DA}.Release|Any CPU.ActiveCfg = Release|Any CPU
		{B67F19D7-6C96-481D-9C52-A0E5E6BD11DA}.Release|Any CPU.Build.0 = Release|Any CPU
		{28921426-6F4F-4A5E-B132-669373D8D03B}.Debug|Any CPU.ActiveCfg = Debug|Any CPU
		{28921426-6F4F-4A5E-B132-669373D8D03B}.Debug|Any CPU.Build.0 = Debug|Any CPU
		{28921426-6F4F-4A5E-B132-669373D8D03B}.Release|Any CPU.ActiveCfg = Release|Any CPU
		{28921426-6F4F-4A5E-B132-669373D8D03B}.Release|Any CPU.Build.0 = Release|Any CPU
		{37513FC5-BFD2-469A-AD79-F66239D95A39}.Debug|Any CPU.ActiveCfg = Debug|Any CPU
		{37513FC5-BFD2-469A-AD79-F66239D95A39}.Debug|Any CPU.Build.0 = Debug|Any CPU
		{37513FC5-BFD2-469A-AD79-F66239D95A39}.Release|Any CPU.ActiveCfg = Release|Any CPU
		{37513FC5-BFD2-469A-AD79-F66239D95A39}.Release|Any CPU.Build.0 = Release|Any CPU
		{DCB5D72D-8C78-48F3-A6C7-E455E46F294A}.Debug|Any CPU.ActiveCfg = Debug|Any CPU
		{DCB5D72D-8C78-48F3-A6C7-E455E46F294A}.Debug|Any CPU.Build.0 = Debug|Any CPU
		{DCB5D72D-8C78-48F3-A6C7-E455E46F294A}.Release|Any CPU.ActiveCfg = Release|Any CPU
		{DCB5D72D-8C78-48F3-A6C7-E455E46F294A}.Release|Any CPU.Build.0 = Release|Any CPU
		{1909EC3A-73C8-4250-B720-FDFBF5A0DDB8}.Debug|Any CPU.ActiveCfg = Debug|Any CPU
		{1909EC3A-73C8-4250-B720-FDFBF5A0DDB8}.Debug|Any CPU.Build.0 = Debug|Any CPU
		{1909EC3A-73C8-4250-B720-FDFBF5A0DDB8}.Release|Any CPU.ActiveCfg = Release|Any CPU
		{1909EC3A-73C8-4250-B720-FDFBF5A0DDB8}.Release|Any CPU.Build.0 = Release|Any CPU
		{0868C279-6A1D-44D1-9769-96DBC3040DB8}.Debug|Any CPU.ActiveCfg = Debug|Any CPU
		{0868C279-6A1D-44D1-9769-96DBC3040DB8}.Debug|Any CPU.Build.0 = Debug|Any CPU
		{0868C279-6A1D-44D1-9769-96DBC3040DB8}.Release|Any CPU.ActiveCfg = Release|Any CPU
		{0868C279-6A1D-44D1-9769-96DBC3040DB8}.Release|Any CPU.Build.0 = Release|Any CPU
		{B54FCE1B-C8BF-4D54-8DBE-1D18A62061B7}.Debug|Any CPU.ActiveCfg = Debug|Any CPU
		{B54FCE1B-C8BF-4D54-8DBE-1D18A62061B7}.Debug|Any CPU.Build.0 = Debug|Any CPU
		{B54FCE1B-C8BF-4D54-8DBE-1D18A62061B7}.Release|Any CPU.ActiveCfg = Release|Any CPU
		{B54FCE1B-C8BF-4D54-8DBE-1D18A62061B7}.Release|Any CPU.Build.0 = Release|Any CPU
		{DA2198F1-7F9A-4710-9E46-3C8CCC80A9CF}.Debug|Any CPU.ActiveCfg = Debug|Any CPU
		{DA2198F1-7F9A-4710-9E46-3C8CCC80A9CF}.Debug|Any CPU.Build.0 = Debug|Any CPU
		{DA2198F1-7F9A-4710-9E46-3C8CCC80A9CF}.Release|Any CPU.ActiveCfg = Release|Any CPU
		{DA2198F1-7F9A-4710-9E46-3C8CCC80A9CF}.Release|Any CPU.Build.0 = Release|Any CPU
		{05A5E4C8-0592-47FD-984E-29E347637F26}.Debug|Any CPU.ActiveCfg = Debug|Any CPU
		{05A5E4C8-0592-47FD-984E-29E347637F26}.Debug|Any CPU.Build.0 = Debug|Any CPU
		{05A5E4C8-0592-47FD-984E-29E347637F26}.Release|Any CPU.ActiveCfg = Release|Any CPU
		{05A5E4C8-0592-47FD-984E-29E347637F26}.Release|Any CPU.Build.0 = Release|Any CPU
		{3D1D487B-BA02-4602-91B2-2AC2CD30154E}.Debug|Any CPU.ActiveCfg = Debug|Any CPU
		{3D1D487B-BA02-4602-91B2-2AC2CD30154E}.Debug|Any CPU.Build.0 = Debug|Any CPU
		{3D1D487B-BA02-4602-91B2-2AC2CD30154E}.Release|Any CPU.ActiveCfg = Release|Any CPU
		{3D1D487B-BA02-4602-91B2-2AC2CD30154E}.Release|Any CPU.Build.0 = Release|Any CPU
		{0A592121-25A7-45A6-A15B-AAC808E42C03}.Debug|Any CPU.ActiveCfg = Debug|Any CPU
		{0A592121-25A7-45A6-A15B-AAC808E42C03}.Debug|Any CPU.Build.0 = Debug|Any CPU
		{0A592121-25A7-45A6-A15B-AAC808E42C03}.Release|Any CPU.ActiveCfg = Release|Any CPU
		{0A592121-25A7-45A6-A15B-AAC808E42C03}.Release|Any CPU.Build.0 = Release|Any CPU
		{F3FEEF59-E802-496B-BE4A-4BF75D2F2A8B}.Debug|Any CPU.ActiveCfg = Debug|Any CPU
		{F3FEEF59-E802-496B-BE4A-4BF75D2F2A8B}.Debug|Any CPU.Build.0 = Debug|Any CPU
		{F3FEEF59-E802-496B-BE4A-4BF75D2F2A8B}.Release|Any CPU.ActiveCfg = Release|Any CPU
		{F3FEEF59-E802-496B-BE4A-4BF75D2F2A8B}.Release|Any CPU.Build.0 = Release|Any CPU
		{601EB8ED-9180-4F32-911C-EDE191B4C849}.Debug|Any CPU.ActiveCfg = Debug|Any CPU
		{601EB8ED-9180-4F32-911C-EDE191B4C849}.Debug|Any CPU.Build.0 = Debug|Any CPU
		{601EB8ED-9180-4F32-911C-EDE191B4C849}.Release|Any CPU.ActiveCfg = Release|Any CPU
		{601EB8ED-9180-4F32-911C-EDE191B4C849}.Release|Any CPU.Build.0 = Release|Any CPU
		{CF7BC88A-395B-4F2F-804D-F4D288C9DC5C}.Debug|Any CPU.ActiveCfg = Debug|Any CPU
		{CF7BC88A-395B-4F2F-804D-F4D288C9DC5C}.Debug|Any CPU.Build.0 = Debug|Any CPU
		{CF7BC88A-395B-4F2F-804D-F4D288C9DC5C}.Release|Any CPU.ActiveCfg = Release|Any CPU
		{CF7BC88A-395B-4F2F-804D-F4D288C9DC5C}.Release|Any CPU.Build.0 = Release|Any CPU
		{74164DAE-F7A5-47AB-B6A5-78744CFE2EB6}.Debug|Any CPU.ActiveCfg = Debug|Any CPU
		{74164DAE-F7A5-47AB-B6A5-78744CFE2EB6}.Debug|Any CPU.Build.0 = Debug|Any CPU
		{74164DAE-F7A5-47AB-B6A5-78744CFE2EB6}.Release|Any CPU.ActiveCfg = Release|Any CPU
		{74164DAE-F7A5-47AB-B6A5-78744CFE2EB6}.Release|Any CPU.Build.0 = Release|Any CPU
		{F6FCAC55-55AD-4AA8-A66F-58AE9AEE5FF6}.Debug|Any CPU.ActiveCfg = Debug|Any CPU
		{F6FCAC55-55AD-4AA8-A66F-58AE9AEE5FF6}.Debug|Any CPU.Build.0 = Debug|Any CPU
		{F6FCAC55-55AD-4AA8-A66F-58AE9AEE5FF6}.Release|Any CPU.ActiveCfg = Release|Any CPU
		{F6FCAC55-55AD-4AA8-A66F-58AE9AEE5FF6}.Release|Any CPU.Build.0 = Release|Any CPU
		{1CE3D974-7BA4-488F-BEAE-564646D919C8}.Debug|Any CPU.ActiveCfg = Debug|Any CPU
		{1CE3D974-7BA4-488F-BEAE-564646D919C8}.Debug|Any CPU.Build.0 = Debug|Any CPU
		{1CE3D974-7BA4-488F-BEAE-564646D919C8}.Release|Any CPU.ActiveCfg = Release|Any CPU
		{1CE3D974-7BA4-488F-BEAE-564646D919C8}.Release|Any CPU.Build.0 = Release|Any CPU
		{D1946344-9D7B-4B11-9147-25BD84558883}.Debug|Any CPU.ActiveCfg = Debug|Any CPU
		{D1946344-9D7B-4B11-9147-25BD84558883}.Debug|Any CPU.Build.0 = Debug|Any CPU
		{D1946344-9D7B-4B11-9147-25BD84558883}.Release|Any CPU.ActiveCfg = Release|Any CPU
		{D1946344-9D7B-4B11-9147-25BD84558883}.Release|Any CPU.Build.0 = Release|Any CPU
		{E750A8BA-9247-4B89-8437-4380BDB2A663}.Debug|Any CPU.ActiveCfg = Debug|Any CPU
		{E750A8BA-9247-4B89-8437-4380BDB2A663}.Debug|Any CPU.Build.0 = Debug|Any CPU
		{E750A8BA-9247-4B89-8437-4380BDB2A663}.Release|Any CPU.ActiveCfg = Release|Any CPU
		{E750A8BA-9247-4B89-8437-4380BDB2A663}.Release|Any CPU.Build.0 = Release|Any CPU
		{EA067E9A-8973-4689-A922-150386ECF7FB}.Debug|Any CPU.ActiveCfg = Debug|Any CPU
		{EA067E9A-8973-4689-A922-150386ECF7FB}.Debug|Any CPU.Build.0 = Debug|Any CPU
		{EA067E9A-8973-4689-A922-150386ECF7FB}.Release|Any CPU.ActiveCfg = Release|Any CPU
		{EA067E9A-8973-4689-A922-150386ECF7FB}.Release|Any CPU.Build.0 = Release|Any CPU
		{67BC72A1-954F-4EDC-9555-D2459D523E24}.Debug|Any CPU.ActiveCfg = Debug|Any CPU
		{67BC72A1-954F-4EDC-9555-D2459D523E24}.Debug|Any CPU.Build.0 = Debug|Any CPU
		{67BC72A1-954F-4EDC-9555-D2459D523E24}.Release|Any CPU.ActiveCfg = Release|Any CPU
		{67BC72A1-954F-4EDC-9555-D2459D523E24}.Release|Any CPU.Build.0 = Release|Any CPU
		{C40D236B-E103-459E-A2E5-481A018DFEEA}.Debug|Any CPU.ActiveCfg = Debug|Any CPU
		{C40D236B-E103-459E-A2E5-481A018DFEEA}.Debug|Any CPU.Build.0 = Debug|Any CPU
		{C40D236B-E103-459E-A2E5-481A018DFEEA}.Release|Any CPU.ActiveCfg = Release|Any CPU
		{C40D236B-E103-459E-A2E5-481A018DFEEA}.Release|Any CPU.Build.0 = Release|Any CPU
		{5E0AC91E-BF8C-45D9-B4B9-1EC504D70C0A}.Debug|Any CPU.ActiveCfg = Debug|Any CPU
		{5E0AC91E-BF8C-45D9-B4B9-1EC504D70C0A}.Debug|Any CPU.Build.0 = Debug|Any CPU
		{5E0AC91E-BF8C-45D9-B4B9-1EC504D70C0A}.Release|Any CPU.ActiveCfg = Release|Any CPU
		{5E0AC91E-BF8C-45D9-B4B9-1EC504D70C0A}.Release|Any CPU.Build.0 = Release|Any CPU
		{0B36EF3B-9D9E-48E2-9714-9F3CDE331B50}.Debug|Any CPU.ActiveCfg = Debug|Any CPU
		{0B36EF3B-9D9E-48E2-9714-9F3CDE331B50}.Debug|Any CPU.Build.0 = Debug|Any CPU
		{0B36EF3B-9D9E-48E2-9714-9F3CDE331B50}.Release|Any CPU.ActiveCfg = Release|Any CPU
		{0B36EF3B-9D9E-48E2-9714-9F3CDE331B50}.Release|Any CPU.Build.0 = Release|Any CPU
		{CD7D5420-52D0-4584-83D0-6040613F4260}.Debug|Any CPU.ActiveCfg = Debug|Any CPU
		{CD7D5420-52D0-4584-83D0-6040613F4260}.Debug|Any CPU.Build.0 = Debug|Any CPU
		{CD7D5420-52D0-4584-83D0-6040613F4260}.Release|Any CPU.ActiveCfg = Release|Any CPU
		{CD7D5420-52D0-4584-83D0-6040613F4260}.Release|Any CPU.Build.0 = Release|Any CPU
		{A9C1AF93-EE3B-4E11-ACC0-BD38BE44F59E}.Debug|Any CPU.ActiveCfg = Debug|Any CPU
		{A9C1AF93-EE3B-4E11-ACC0-BD38BE44F59E}.Debug|Any CPU.Build.0 = Debug|Any CPU
		{A9C1AF93-EE3B-4E11-ACC0-BD38BE44F59E}.Release|Any CPU.ActiveCfg = Release|Any CPU
		{A9C1AF93-EE3B-4E11-ACC0-BD38BE44F59E}.Release|Any CPU.Build.0 = Release|Any CPU
		{633C9B36-35C6-4C2E-8DC1-B37ABC337A93}.Debug|Any CPU.ActiveCfg = Debug|Any CPU
		{633C9B36-35C6-4C2E-8DC1-B37ABC337A93}.Debug|Any CPU.Build.0 = Debug|Any CPU
		{633C9B36-35C6-4C2E-8DC1-B37ABC337A93}.Release|Any CPU.ActiveCfg = Release|Any CPU
		{633C9B36-35C6-4C2E-8DC1-B37ABC337A93}.Release|Any CPU.Build.0 = Release|Any CPU
		{F2EED140-0046-4644-87E2-13DDD2E8CCC7}.Debug|Any CPU.ActiveCfg = Debug|Any CPU
		{F2EED140-0046-4644-87E2-13DDD2E8CCC7}.Debug|Any CPU.Build.0 = Debug|Any CPU
		{F2EED140-0046-4644-87E2-13DDD2E8CCC7}.Release|Any CPU.ActiveCfg = Release|Any CPU
		{F2EED140-0046-4644-87E2-13DDD2E8CCC7}.Release|Any CPU.Build.0 = Release|Any CPU
		{DD175E86-AB2C-4250-9C2F-284B7341287C}.Debug|Any CPU.ActiveCfg = Debug|Any CPU
		{DD175E86-AB2C-4250-9C2F-284B7341287C}.Debug|Any CPU.Build.0 = Debug|Any CPU
		{DD175E86-AB2C-4250-9C2F-284B7341287C}.Release|Any CPU.ActiveCfg = Release|Any CPU
		{DD175E86-AB2C-4250-9C2F-284B7341287C}.Release|Any CPU.Build.0 = Release|Any CPU
		{4F04B7F0-48AD-4F8E-A142-05FF3BA97BA1}.Debug|Any CPU.ActiveCfg = Debug|Any CPU
		{4F04B7F0-48AD-4F8E-A142-05FF3BA97BA1}.Debug|Any CPU.Build.0 = Debug|Any CPU
		{4F04B7F0-48AD-4F8E-A142-05FF3BA97BA1}.Release|Any CPU.ActiveCfg = Release|Any CPU
		{4F04B7F0-48AD-4F8E-A142-05FF3BA97BA1}.Release|Any CPU.Build.0 = Release|Any CPU
		{F9B47D0F-58C4-4E3D-A174-1D569CDAAD4D}.Debug|Any CPU.ActiveCfg = Debug|Any CPU
		{F9B47D0F-58C4-4E3D-A174-1D569CDAAD4D}.Debug|Any CPU.Build.0 = Debug|Any CPU
		{F9B47D0F-58C4-4E3D-A174-1D569CDAAD4D}.Release|Any CPU.ActiveCfg = Release|Any CPU
		{F9B47D0F-58C4-4E3D-A174-1D569CDAAD4D}.Release|Any CPU.Build.0 = Release|Any CPU
		{481A31AB-D24F-4939-9194-098A8B649228}.Debug|Any CPU.ActiveCfg = Debug|Any CPU
		{481A31AB-D24F-4939-9194-098A8B649228}.Debug|Any CPU.Build.0 = Debug|Any CPU
		{481A31AB-D24F-4939-9194-098A8B649228}.Release|Any CPU.ActiveCfg = Release|Any CPU
		{481A31AB-D24F-4939-9194-098A8B649228}.Release|Any CPU.Build.0 = Release|Any CPU
		{EC3750DD-39F2-4B6F-946A-7D5DA5C7913A}.Debug|Any CPU.ActiveCfg = Debug|Any CPU
		{EC3750DD-39F2-4B6F-946A-7D5DA5C7913A}.Debug|Any CPU.Build.0 = Debug|Any CPU
		{EC3750DD-39F2-4B6F-946A-7D5DA5C7913A}.Release|Any CPU.ActiveCfg = Release|Any CPU
		{EC3750DD-39F2-4B6F-946A-7D5DA5C7913A}.Release|Any CPU.Build.0 = Release|Any CPU
		{28578A29-226A-4461-B914-6DFAF643AE13}.Debug|Any CPU.ActiveCfg = Debug|Any CPU
		{28578A29-226A-4461-B914-6DFAF643AE13}.Debug|Any CPU.Build.0 = Debug|Any CPU
		{28578A29-226A-4461-B914-6DFAF643AE13}.Release|Any CPU.ActiveCfg = Release|Any CPU
		{28578A29-226A-4461-B914-6DFAF643AE13}.Release|Any CPU.Build.0 = Release|Any CPU
		{96BAFC13-A97D-4AA5-B19D-653F4EF46AD3}.Debug|Any CPU.ActiveCfg = Debug|Any CPU
		{96BAFC13-A97D-4AA5-B19D-653F4EF46AD3}.Debug|Any CPU.Build.0 = Debug|Any CPU
		{96BAFC13-A97D-4AA5-B19D-653F4EF46AD3}.Release|Any CPU.ActiveCfg = Release|Any CPU
		{96BAFC13-A97D-4AA5-B19D-653F4EF46AD3}.Release|Any CPU.Build.0 = Release|Any CPU
		{B384AABF-F88F-4A2A-9EC5-B5064240F3DF}.Debug|Any CPU.ActiveCfg = Debug|Any CPU
		{B384AABF-F88F-4A2A-9EC5-B5064240F3DF}.Debug|Any CPU.Build.0 = Debug|Any CPU
		{B384AABF-F88F-4A2A-9EC5-B5064240F3DF}.Release|Any CPU.ActiveCfg = Release|Any CPU
		{B384AABF-F88F-4A2A-9EC5-B5064240F3DF}.Release|Any CPU.Build.0 = Release|Any CPU
		{030635CC-3D44-4A7D-B4A9-DACD5C91AFDC}.Debug|Any CPU.ActiveCfg = Debug|Any CPU
		{030635CC-3D44-4A7D-B4A9-DACD5C91AFDC}.Debug|Any CPU.Build.0 = Debug|Any CPU
		{030635CC-3D44-4A7D-B4A9-DACD5C91AFDC}.Release|Any CPU.ActiveCfg = Release|Any CPU
		{030635CC-3D44-4A7D-B4A9-DACD5C91AFDC}.Release|Any CPU.Build.0 = Release|Any CPU
		{1FC53F6B-A93F-49C8-8583-FD7205C21C28}.Debug|Any CPU.ActiveCfg = Debug|Any CPU
		{1FC53F6B-A93F-49C8-8583-FD7205C21C28}.Debug|Any CPU.Build.0 = Debug|Any CPU
		{1FC53F6B-A93F-49C8-8583-FD7205C21C28}.Release|Any CPU.ActiveCfg = Release|Any CPU
		{1FC53F6B-A93F-49C8-8583-FD7205C21C28}.Release|Any CPU.Build.0 = Release|Any CPU
		{8DC2C02C-25B1-43CC-A468-816C639CCDEF}.Debug|Any CPU.ActiveCfg = Debug|Any CPU
		{8DC2C02C-25B1-43CC-A468-816C639CCDEF}.Debug|Any CPU.Build.0 = Debug|Any CPU
		{8DC2C02C-25B1-43CC-A468-816C639CCDEF}.Release|Any CPU.ActiveCfg = Release|Any CPU
		{8DC2C02C-25B1-43CC-A468-816C639CCDEF}.Release|Any CPU.Build.0 = Release|Any CPU
		{028BF3B0-F474-4887-959F-051F97B3E505}.Debug|Any CPU.ActiveCfg = Debug|Any CPU
		{028BF3B0-F474-4887-959F-051F97B3E505}.Debug|Any CPU.Build.0 = Debug|Any CPU
		{028BF3B0-F474-4887-959F-051F97B3E505}.Release|Any CPU.ActiveCfg = Release|Any CPU
		{028BF3B0-F474-4887-959F-051F97B3E505}.Release|Any CPU.Build.0 = Release|Any CPU
		{231629B9-8C70-4249-8888-89F892A1F3F7}.Debug|Any CPU.ActiveCfg = Debug|Any CPU
		{231629B9-8C70-4249-8888-89F892A1F3F7}.Debug|Any CPU.Build.0 = Debug|Any CPU
		{231629B9-8C70-4249-8888-89F892A1F3F7}.Release|Any CPU.ActiveCfg = Release|Any CPU
		{231629B9-8C70-4249-8888-89F892A1F3F7}.Release|Any CPU.Build.0 = Release|Any CPU
		{D24E4E5A-F63D-42AA-9B1A-1682145A23BB}.Debug|Any CPU.ActiveCfg = Debug|Any CPU
		{D24E4E5A-F63D-42AA-9B1A-1682145A23BB}.Debug|Any CPU.Build.0 = Debug|Any CPU
		{D24E4E5A-F63D-42AA-9B1A-1682145A23BB}.Release|Any CPU.ActiveCfg = Release|Any CPU
		{D24E4E5A-F63D-42AA-9B1A-1682145A23BB}.Release|Any CPU.Build.0 = Release|Any CPU
		{954DB772-9C55-4381-AB3E-1B57D4A76EE3}.Debug|Any CPU.ActiveCfg = Debug|Any CPU
		{954DB772-9C55-4381-AB3E-1B57D4A76EE3}.Debug|Any CPU.Build.0 = Debug|Any CPU
		{954DB772-9C55-4381-AB3E-1B57D4A76EE3}.Release|Any CPU.ActiveCfg = Release|Any CPU
		{954DB772-9C55-4381-AB3E-1B57D4A76EE3}.Release|Any CPU.Build.0 = Release|Any CPU
		{B420BB9F-6BFD-4E61-BF70-3D6BA49DD499}.Debug|Any CPU.ActiveCfg = Debug|Any CPU
		{B420BB9F-6BFD-4E61-BF70-3D6BA49DD499}.Debug|Any CPU.Build.0 = Debug|Any CPU
		{B420BB9F-6BFD-4E61-BF70-3D6BA49DD499}.Release|Any CPU.ActiveCfg = Release|Any CPU
		{B420BB9F-6BFD-4E61-BF70-3D6BA49DD499}.Release|Any CPU.Build.0 = Release|Any CPU
		{E34A48E5-6216-434B-AAE9-56B975BBCE8F}.Debug|Any CPU.ActiveCfg = Debug|Any CPU
		{E34A48E5-6216-434B-AAE9-56B975BBCE8F}.Debug|Any CPU.Build.0 = Debug|Any CPU
		{E34A48E5-6216-434B-AAE9-56B975BBCE8F}.Release|Any CPU.ActiveCfg = Release|Any CPU
		{E34A48E5-6216-434B-AAE9-56B975BBCE8F}.Release|Any CPU.Build.0 = Release|Any CPU
		{E0B5500D-B2EB-4C1A-8779-BC55848059B7}.Debug|Any CPU.ActiveCfg = Debug|Any CPU
		{E0B5500D-B2EB-4C1A-8779-BC55848059B7}.Debug|Any CPU.Build.0 = Debug|Any CPU
		{E0B5500D-B2EB-4C1A-8779-BC55848059B7}.Release|Any CPU.ActiveCfg = Release|Any CPU
		{E0B5500D-B2EB-4C1A-8779-BC55848059B7}.Release|Any CPU.Build.0 = Release|Any CPU
		{A9FA9349-B307-4D33-911F-F7D0D87A82E4}.Debug|Any CPU.ActiveCfg = Debug|Any CPU
		{A9FA9349-B307-4D33-911F-F7D0D87A82E4}.Debug|Any CPU.Build.0 = Debug|Any CPU
		{A9FA9349-B307-4D33-911F-F7D0D87A82E4}.Release|Any CPU.ActiveCfg = Release|Any CPU
		{A9FA9349-B307-4D33-911F-F7D0D87A82E4}.Release|Any CPU.Build.0 = Release|Any CPU
		{4719796C-6FEA-4734-B6B7-61C74DCBFCF6}.Debug|Any CPU.ActiveCfg = Debug|Any CPU
		{4719796C-6FEA-4734-B6B7-61C74DCBFCF6}.Debug|Any CPU.Build.0 = Debug|Any CPU
		{4719796C-6FEA-4734-B6B7-61C74DCBFCF6}.Release|Any CPU.ActiveCfg = Release|Any CPU
		{4719796C-6FEA-4734-B6B7-61C74DCBFCF6}.Release|Any CPU.Build.0 = Release|Any CPU
		{944EC14E-1037-41CB-99EA-C91F156463CE}.Debug|Any CPU.ActiveCfg = Debug|Any CPU
		{944EC14E-1037-41CB-99EA-C91F156463CE}.Debug|Any CPU.Build.0 = Debug|Any CPU
		{944EC14E-1037-41CB-99EA-C91F156463CE}.Release|Any CPU.ActiveCfg = Release|Any CPU
		{944EC14E-1037-41CB-99EA-C91F156463CE}.Release|Any CPU.Build.0 = Release|Any CPU
		{992357F7-58E1-4AA8-B9FC-3B40543B18DC}.Debug|Any CPU.ActiveCfg = Debug|Any CPU
		{992357F7-58E1-4AA8-B9FC-3B40543B18DC}.Debug|Any CPU.Build.0 = Debug|Any CPU
		{992357F7-58E1-4AA8-B9FC-3B40543B18DC}.Release|Any CPU.ActiveCfg = Release|Any CPU
		{992357F7-58E1-4AA8-B9FC-3B40543B18DC}.Release|Any CPU.Build.0 = Release|Any CPU
		{402E73AD-F1DD-413A-87B1-61A4EFBDA8CB}.Debug|Any CPU.ActiveCfg = Debug|Any CPU
		{402E73AD-F1DD-413A-87B1-61A4EFBDA8CB}.Debug|Any CPU.Build.0 = Debug|Any CPU
		{402E73AD-F1DD-413A-87B1-61A4EFBDA8CB}.Release|Any CPU.ActiveCfg = Release|Any CPU
		{402E73AD-F1DD-413A-87B1-61A4EFBDA8CB}.Release|Any CPU.Build.0 = Release|Any CPU
		{F9EDEC22-0EC8-406D-87F3-E5D126FC9624}.Debug|Any CPU.ActiveCfg = Debug|Any CPU
		{F9EDEC22-0EC8-406D-87F3-E5D126FC9624}.Debug|Any CPU.Build.0 = Debug|Any CPU
		{F9EDEC22-0EC8-406D-87F3-E5D126FC9624}.Release|Any CPU.ActiveCfg = Release|Any CPU
		{F9EDEC22-0EC8-406D-87F3-E5D126FC9624}.Release|Any CPU.Build.0 = Release|Any CPU
		{89C77BC8-BEC0-4AC5-B30A-CF7574C890B7}.Debug|Any CPU.ActiveCfg = Debug|Any CPU
		{89C77BC8-BEC0-4AC5-B30A-CF7574C890B7}.Debug|Any CPU.Build.0 = Debug|Any CPU
		{89C77BC8-BEC0-4AC5-B30A-CF7574C890B7}.Release|Any CPU.ActiveCfg = Release|Any CPU
		{89C77BC8-BEC0-4AC5-B30A-CF7574C890B7}.Release|Any CPU.Build.0 = Release|Any CPU
		{078D9F52-2294-4416-8B69-FA2181B481B5}.Debug|Any CPU.ActiveCfg = Debug|Any CPU
		{078D9F52-2294-4416-8B69-FA2181B481B5}.Debug|Any CPU.Build.0 = Debug|Any CPU
		{078D9F52-2294-4416-8B69-FA2181B481B5}.Release|Any CPU.ActiveCfg = Release|Any CPU
		{078D9F52-2294-4416-8B69-FA2181B481B5}.Release|Any CPU.Build.0 = Release|Any CPU
		{04A53815-EDC3-4F68-8748-4E3C71E4AECB}.Debug|Any CPU.ActiveCfg = Debug|Any CPU
		{04A53815-EDC3-4F68-8748-4E3C71E4AECB}.Debug|Any CPU.Build.0 = Debug|Any CPU
		{04A53815-EDC3-4F68-8748-4E3C71E4AECB}.Release|Any CPU.ActiveCfg = Release|Any CPU
		{04A53815-EDC3-4F68-8748-4E3C71E4AECB}.Release|Any CPU.Build.0 = Release|Any CPU
		{7DD2A640-1D64-4CA7-9186-20EADA437649}.Debug|Any CPU.ActiveCfg = Debug|Any CPU
		{7DD2A640-1D64-4CA7-9186-20EADA437649}.Debug|Any CPU.Build.0 = Debug|Any CPU
		{7DD2A640-1D64-4CA7-9186-20EADA437649}.Release|Any CPU.ActiveCfg = Release|Any CPU
		{7DD2A640-1D64-4CA7-9186-20EADA437649}.Release|Any CPU.Build.0 = Release|Any CPU
		{F58DB983-FCA9-4CE6-83C2-C9969B2E14D7}.Debug|Any CPU.ActiveCfg = Debug|Any CPU
		{F58DB983-FCA9-4CE6-83C2-C9969B2E14D7}.Debug|Any CPU.Build.0 = Debug|Any CPU
		{F58DB983-FCA9-4CE6-83C2-C9969B2E14D7}.Release|Any CPU.ActiveCfg = Release|Any CPU
		{F58DB983-FCA9-4CE6-83C2-C9969B2E14D7}.Release|Any CPU.Build.0 = Release|Any CPU
		{C60BC8F6-EF33-4327-B760-0ED32F76ED2E}.Debug|Any CPU.ActiveCfg = Debug|Any CPU
		{C60BC8F6-EF33-4327-B760-0ED32F76ED2E}.Debug|Any CPU.Build.0 = Debug|Any CPU
		{C60BC8F6-EF33-4327-B760-0ED32F76ED2E}.Release|Any CPU.ActiveCfg = Release|Any CPU
		{C60BC8F6-EF33-4327-B760-0ED32F76ED2E}.Release|Any CPU.Build.0 = Release|Any CPU
		{CC93626F-F0EC-4883-9DE0-89B8E809B13A}.Debug|Any CPU.ActiveCfg = Debug|Any CPU
		{CC93626F-F0EC-4883-9DE0-89B8E809B13A}.Debug|Any CPU.Build.0 = Debug|Any CPU
		{CC93626F-F0EC-4883-9DE0-89B8E809B13A}.Release|Any CPU.ActiveCfg = Release|Any CPU
		{CC93626F-F0EC-4883-9DE0-89B8E809B13A}.Release|Any CPU.Build.0 = Release|Any CPU
		{678F58CB-10AC-46F0-B9BA-71FDBC7B946F}.Debug|Any CPU.ActiveCfg = Debug|Any CPU
		{678F58CB-10AC-46F0-B9BA-71FDBC7B946F}.Debug|Any CPU.Build.0 = Debug|Any CPU
		{678F58CB-10AC-46F0-B9BA-71FDBC7B946F}.Release|Any CPU.ActiveCfg = Release|Any CPU
		{678F58CB-10AC-46F0-B9BA-71FDBC7B946F}.Release|Any CPU.Build.0 = Release|Any CPU
		{7DA8AE43-A683-4C26-81AD-8D7490186527}.Debug|Any CPU.ActiveCfg = Debug|Any CPU
		{7DA8AE43-A683-4C26-81AD-8D7490186527}.Debug|Any CPU.Build.0 = Debug|Any CPU
		{7DA8AE43-A683-4C26-81AD-8D7490186527}.Release|Any CPU.ActiveCfg = Release|Any CPU
		{7DA8AE43-A683-4C26-81AD-8D7490186527}.Release|Any CPU.Build.0 = Release|Any CPU
		{0D22611E-5FED-4085-ABD9-62B4FB0A2E39}.Debug|Any CPU.ActiveCfg = Debug|Any CPU
		{0D22611E-5FED-4085-ABD9-62B4FB0A2E39}.Debug|Any CPU.Build.0 = Debug|Any CPU
		{0D22611E-5FED-4085-ABD9-62B4FB0A2E39}.Release|Any CPU.ActiveCfg = Release|Any CPU
		{0D22611E-5FED-4085-ABD9-62B4FB0A2E39}.Release|Any CPU.Build.0 = Release|Any CPU
		{5887BDE3-7677-4C00-9DDC-8F4E99D28F0D}.Debug|Any CPU.ActiveCfg = Debug|Any CPU
		{5887BDE3-7677-4C00-9DDC-8F4E99D28F0D}.Debug|Any CPU.Build.0 = Debug|Any CPU
		{5887BDE3-7677-4C00-9DDC-8F4E99D28F0D}.Release|Any CPU.ActiveCfg = Release|Any CPU
		{5887BDE3-7677-4C00-9DDC-8F4E99D28F0D}.Release|Any CPU.Build.0 = Release|Any CPU
		{41669C74-36C6-49A5-B690-8612BD9E833A}.Debug|Any CPU.ActiveCfg = Debug|Any CPU
		{41669C74-36C6-49A5-B690-8612BD9E833A}.Debug|Any CPU.Build.0 = Debug|Any CPU
		{41669C74-36C6-49A5-B690-8612BD9E833A}.Release|Any CPU.ActiveCfg = Release|Any CPU
		{41669C74-36C6-49A5-B690-8612BD9E833A}.Release|Any CPU.Build.0 = Release|Any CPU
		{32CED4FA-A957-4E59-B388-F5A54C1922B4}.Debug|Any CPU.ActiveCfg = Debug|Any CPU
		{32CED4FA-A957-4E59-B388-F5A54C1922B4}.Debug|Any CPU.Build.0 = Debug|Any CPU
		{32CED4FA-A957-4E59-B388-F5A54C1922B4}.Release|Any CPU.ActiveCfg = Release|Any CPU
		{32CED4FA-A957-4E59-B388-F5A54C1922B4}.Release|Any CPU.Build.0 = Release|Any CPU
		{2FBCF563-7D0A-4F52-BAB6-BFA498DD1E10}.Debug|Any CPU.ActiveCfg = Debug|Any CPU
		{2FBCF563-7D0A-4F52-BAB6-BFA498DD1E10}.Debug|Any CPU.Build.0 = Debug|Any CPU
		{2FBCF563-7D0A-4F52-BAB6-BFA498DD1E10}.Release|Any CPU.ActiveCfg = Release|Any CPU
		{2FBCF563-7D0A-4F52-BAB6-BFA498DD1E10}.Release|Any CPU.Build.0 = Release|Any CPU
		{167F7BD8-14AF-412C-BEE0-E3F933F04AC7}.Debug|Any CPU.ActiveCfg = Debug|Any CPU
		{167F7BD8-14AF-412C-BEE0-E3F933F04AC7}.Debug|Any CPU.Build.0 = Debug|Any CPU
		{167F7BD8-14AF-412C-BEE0-E3F933F04AC7}.Release|Any CPU.ActiveCfg = Release|Any CPU
		{167F7BD8-14AF-412C-BEE0-E3F933F04AC7}.Release|Any CPU.Build.0 = Release|Any CPU
		{28B750C4-0927-4E25-BEE7-B2A40FCC6F17}.Debug|Any CPU.ActiveCfg = Debug|Any CPU
		{28B750C4-0927-4E25-BEE7-B2A40FCC6F17}.Debug|Any CPU.Build.0 = Debug|Any CPU
		{28B750C4-0927-4E25-BEE7-B2A40FCC6F17}.Release|Any CPU.ActiveCfg = Release|Any CPU
		{28B750C4-0927-4E25-BEE7-B2A40FCC6F17}.Release|Any CPU.Build.0 = Release|Any CPU
		{14BB7F46-97A4-4297-87A0-F3CB303FC373}.Debug|Any CPU.ActiveCfg = Debug|Any CPU
		{14BB7F46-97A4-4297-87A0-F3CB303FC373}.Debug|Any CPU.Build.0 = Debug|Any CPU
		{14BB7F46-97A4-4297-87A0-F3CB303FC373}.Release|Any CPU.ActiveCfg = Release|Any CPU
		{14BB7F46-97A4-4297-87A0-F3CB303FC373}.Release|Any CPU.Build.0 = Release|Any CPU
		{8DFDF02F-F6C5-440C-8E23-411B046C7047}.Debug|Any CPU.ActiveCfg = Debug|Any CPU
		{8DFDF02F-F6C5-440C-8E23-411B046C7047}.Debug|Any CPU.Build.0 = Debug|Any CPU
		{8DFDF02F-F6C5-440C-8E23-411B046C7047}.Release|Any CPU.ActiveCfg = Release|Any CPU
		{8DFDF02F-F6C5-440C-8E23-411B046C7047}.Release|Any CPU.Build.0 = Release|Any CPU
		{3B933276-5EED-4930-92EF-80A46247659A}.Debug|Any CPU.ActiveCfg = Debug|Any CPU
		{3B933276-5EED-4930-92EF-80A46247659A}.Debug|Any CPU.Build.0 = Debug|Any CPU
		{3B933276-5EED-4930-92EF-80A46247659A}.Release|Any CPU.ActiveCfg = Release|Any CPU
		{3B933276-5EED-4930-92EF-80A46247659A}.Release|Any CPU.Build.0 = Release|Any CPU
	EndGlobalSection
	GlobalSection(SolutionProperties) = preSolution
		HideSolutionNode = FALSE
	EndGlobalSection
	GlobalSection(ExtensibilityGlobals) = postSolution
		SolutionGuid = {B6D8A181-2AEE-4D97-B998-47E33AA8CBDA}
	EndGlobalSection
EndGlobal
